
Microsoft Visual Studio Solution File, Format Version 12.00
# Visual Studio Version 17
VisualStudioVersion = 17.4.33205.214
MinimumVisualStudioVersion = 10.0.40219.1
Project("{FAE04EC0-301F-11D3-BF4B-00C04F79EFBC}") = "calculator", "calculator.csproj", "{83BD1E91-9B0C-46F9-9160-AF8FFCAD0B00}"
EndProject
Global
	GlobalSection(SolutionConfigurationPlatforms) = preSolution
		Debug|Any CPU = Debug|Any CPU
		Release|Any CPU = Release|Any CPU
	EndGlobalSection
	GlobalSection(ProjectConfigurationPlatforms) = postSolution
		{83BD1E91-9B0C-46F9-9160-AF8FFCAD0B00}.Debug|Any CPU.ActiveCfg = Debug|Any CPU
		{83BD1E91-9B0C-46F9-9160-AF8FFCAD0B00}.Debug|Any CPU.Build.0 = Debug|Any CPU
		{83BD1E91-9B0C-46F9-9160-AF8FFCAD0B00}.Release|Any CPU.ActiveCfg = Release|Any CPU
		{83BD1E91-9B0C-46F9-9160-AF8FFCAD0B00}.Release|Any CPU.Build.0 = Release|Any CPU
	EndGlobalSection
	GlobalSection(SolutionProperties) = preSolution
		HideSolutionNode = FALSE
	EndGlobalSection
	GlobalSection(ExtensibilityGlobals) = postSolution
		SolutionGuid = {EB503302-2E43-4B84-B58C-0428F888BB58}
	EndGlobalSection
EndGlobal
